accelerate==1.14.0
annotated-doc==0.0.5
annotated-types==0.8.0
anyio==4.15.0
asttokens==3.0.2
bert-score==0.3.13
bitsandbytes==0.50.2
build==1.6.0
certifi==2026.7.22
cffi==2.1.1
charset-normalizer==3.5.1
click==8.5.0
cloudpickle==3.1.2
cmake==4.4.3
contourpy==1.3.3
cryptography==50.0.1
cuda-bindings==13.3.1
cuda-pathfinder==1.6.0
cuda-toolkit==13.2.1
cycler==0.12.1
dnspython==2.8.0
email-validator==2.3.0
executing==2.2.1
expecttest==0.3.0
filelock==3.32.5
fonttools==4.64.0
fsspec==2026.7.0
h11==0.16.0
hf-xet==1.6.0
httpcore==1.0.9
httpx==0.28.1
huggingface_hub==1.30.0
hypothesis==6.167.1
id==1.6.1
idna==3.19
importlib_metadata==9.0.1
ipython==9.17.1
ipython_pygments_lexers==1.1.1
jedi==0.20.0
Jinja2==3.1.6
joblib==1.6.0
kernels==0.16.1
kernels-data==0.16.1
kiwisolver==1.5.1
lintrunner==0.13.1
markdown-it-py==4.2.0
MarkupSafe==3.0.3
matplotlib==3.11.1
matplotlib-inline==0.2.2
mdurl==0.1.2
mpmath==1.3.0
narwhals==2.25.0
networkx==3.6.1
ninja==1.13.2
numpy==2.5.2
nvidia-cublas==13.4.0.1
nvidia-cuda-cupti==13.2.75
nvidia-cuda-nvrtc==13.2.78
nvidia-cuda-runtime==13.2.75
nvidia-cudnn-cu13==9.24.0.43
nvidia-cufft==12.2.0.46
nvidia-cufile==1.17.1.22
nvidia-curand==10.4.2.55
nvidia-cusolver==12.2.0.1
nvidia-cusparse==12.7.10.1
nvidia-cusparselt-cu13==0.8.1
nvidia-nccl-cu13==2.30.7
nvidia-nvjitlink==13.3.33
nvidia-nvshmem-cu13==3.4.5
nvidia-nvtx==13.2.75
optree==0.20.0
packaging==26.3
pandas==3.0.5
parso==0.8.7
pathspec==1.1.1
pexpect==4.9.0
pillow==12.3.0
platformdirs==4.11.7
prompt_toolkit==3.0.53
protobuf==7.36.1
psutil==7.2.2
ptyprocess==0.7.0
pure_eval==0.2.3
pyarrow==25.0.1
pyasn1==0.6.4
pycparser==3.0
pydantic==2.13.5
pydantic_core==2.46.5
Pygments==2.21.0
PyJWT==2.13.0
pyOpenSSL==26.4.0
pyparsing==3.3.2
pyproject_hooks==1.2.0
python-dateutil==2.9.0.post0
python-etcd==0.4.5
PyYAML==6.0.3
regex==2026.9.3
requests==2.34.2
rfc3161-client==1.0.8
rfc8785==0.1.4
rich==15.0.0
safetensors==0.8.0
scikit-learn==1.9.0
scikit_build_core==1.0.3
scipy==1.18.1
securesystemslib==1.5.1
sentence-transformers==6.0.1
sentencepiece==0.2.2
setuptools==81.0.0
shellingham==1.5.4
sigstore==4.5.0
sigstore-models==0.0.6
sigstore-rekor-types==0.0.18
six==1.17.0
sortedcontainers==2.4.0
spin==0.18
stack-data==0.6.3
sympy==1.14.0
threadpoolctl==3.6.0
tokenizers==0.23.2
tomlkit==0.15.1
torch==2.14.0+cu132
torchelastic==0.2.2
torchvision==0.29.0+cu132
tqdm==4.70.0
traitlets==5.16.1
transformers==5.16.1
triton==3.8.0
tuf==7.0.1
typer==0.27.2
typing-inspection==0.4.4
typing_extensions==4.16.0
urllib3==2.7.0
uv==0.12.9
wcwidth==0.8.3
wheel==0.48.0
zipp==4.1.0

# Imagem Docker que produziu esta rodada:
#   logprob:1.0  sha256:92daf569743ee0d31245c8aa2e1f2f77789893a9a5e3c0dc2dca9d0dae26d224
